
Microsoft Visual Studio Solution File, Format Version 12.00
# Visual Studio Version 16
VisualStudioVersion = 16.0.31105.61
MinimumVisualStudioVersion = 10.0.40219.1
Project("{9A19103F-16F7-4668-BE54-9A1E7A4F7556}") = "REST_service", "REST_service\REST_service.csproj", "{38249BE9-2B74-478A-949B-68C3622A7F44}"
EndProject
Project("{9A19103F-16F7-4668-BE54-9A1E7A4F7556}") = "ClientApplication", "..\ClientApplication\ClientApplication\ClientApplication.csproj", "{44A41E33-A7F6-4A2B-9F05-BF4701FE73C5}"
EndProject
Global
	GlobalSection(SolutionConfigurationPlatforms) = preSolution
		Debug|Any CPU = Debug|Any CPU
		Release|Any CPU = Release|Any CPU
	EndGlobalSection
	GlobalSection(ProjectConfigurationPlatforms) = postSolution
		{38249BE9-2B74-478A-949B-68C3622A7F44}.Debug|Any CPU.ActiveCfg = Debug|Any CPU
		{38249BE9-2B74-478A-949B-68C3622A7F44}.Debug|Any CPU.Build.0 = Debug|Any CPU
		{38249BE9-2B74-478A-949B-68C3622A7F44}.Release|Any CPU.ActiveCfg = Release|Any CPU
		{38249BE9-2B74-478A-949B-68C3622A7F44}.Release|Any CPU.Build.0 = Release|Any CPU
		{44A41E33-A7F6-4A2B-9F05-BF4701FE73C5}.Debug|Any CPU.ActiveCfg = Debug|Any CPU
		{44A41E33-A7F6-4A2B-9F05-BF4701FE73C5}.Debug|Any CPU.Build.0 = Debug|Any CPU
		{44A41E33-A7F6-4A2B-9F05-BF4701FE73C5}.Release|Any CPU.ActiveCfg = Release|Any CPU
		{44A41E33-A7F6-4A2B-9F05-BF4701FE73C5}.Release|Any CPU.Build.0 = Release|Any CPU
	EndGlobalSection
	GlobalSection(SolutionProperties) = preSolution
		HideSolutionNode = FALSE
	EndGlobalSection
	GlobalSection(ExtensibilityGlobals) = postSolution
		SolutionGuid = {FC522537-3CD1-4792-BE72-F68C71E5DBCB}
	EndGlobalSection
EndGlobal
